
Microsoft Visual Studio Solution File, Format Version 12.00
# Visual Studio for Mac
Project("{FAE04EC0-301F-11D3-BF4B-00C04F79EFBC}") = "Assembly-CSharp", "Assembly-CSharp.csproj", "{0581CE14-B3BA-EC61-DF0E-8DFCD4621548}"
EndProject
Global
	GlobalSection(SolutionConfigurationPlatforms) = preSolution
		Debug|Any CPU = Debug|Any CPU
		Release|Any CPU = Release|Any CPU
	EndGlobalSection
	GlobalSection(ProjectConfigurationPlatforms) = postSolution
		{0581CE14-B3BA-EC61-DF0E-8DFCD4621548}.Debug|Any CPU.ActiveCfg = Debug|Any CPU
		{0581CE14-B3BA-EC61-DF0E-8DFCD4621548}.Debug|Any CPU.Build.0 = Debug|Any CPU
		{0581CE14-B3BA-EC61-DF0E-8DFCD4621548}.Release|Any CPU.ActiveCfg = Release|Any CPU
		{0581CE14-B3BA-EC61-DF0E-8DFCD4621548}.Release|Any CPU.Build.0 = Release|Any CPU
	EndGlobalSection
	GlobalSection(SolutionProperties) = preSolution
		HideSolutionNode = FALSE
	EndGlobalSection
EndGlobal
